
Microsoft Visual Studio Solution File, Format Version 12.00
# Visual Studio 2012
Project("{FAE04EC0-301F-11D3-BF4B-00C04F79EFBC}") = "Fontify", "Fontify\Fontify.csproj", "{7E951A3C-551A-43E3-97E3-13920065A29F}"
EndProject
Project("{FAE04EC0-301F-11D3-BF4B-00C04F79EFBC}") = "Fontify.Wpf", "Fontify.Wpf\Fontify.Wpf.csproj", "{88F0C79F-2480-4976-9084-F5762E035BEB}"
EndProject
Project("{FAE04EC0-301F-11D3-BF4B-00C04F79EFBC}") = "Fontify.Gtk2", "Fontify.Gtk2\Fontify.Gtk2.csproj", "{2E567398-6DC5-4159-BE9A-F45239395B50}"
EndProject
Project("{FAE04EC0-301F-11D3-BF4B-00C04F79EFBC}") = "Fontify.Gtk3", "Fontify.Gtk3\Fontify.Gtk3.csproj", "{ADDB0E88-2917-499A-BF1B-333C1BD5E73E}"
EndProject
Project("{2150E333-8FDC-42A3-9474-1A3956D46DE8}") = "Xwt", "Xwt", "{29FBB8AA-3F5C-48DD-B2D2-D7E617073D56}"
EndProject
Project("{FAE04EC0-301F-11D3-BF4B-00C04F79EFBC}") = "Xwt", "Xwt\Xwt\Xwt.csproj", "{92494904-35FA-4DC9-BDE9-3A3E87AC49D3}"
EndProject
Project("{FAE04EC0-301F-11D3-BF4B-00C04F79EFBC}") = "Xwt.Gtk", "Xwt\Xwt.Gtk\Xwt.Gtk.csproj", "{C3887A93-B2BD-4097-8E2F-3A063EFF32FD}"
EndProject
Project("{FAE04EC0-301F-11D3-BF4B-00C04F79EFBC}") = "Xwt.Gtk.Windows", "Xwt\Xwt.Gtk.Windows\Xwt.Gtk.Windows.csproj", "{252117CA-0ABB-4F36-BFC8-DE23A8089BB9}"
EndProject
Project("{FAE04EC0-301F-11D3-BF4B-00C04F79EFBC}") = "Xwt.Gtk.Mac", "Xwt\Xwt.Gtk.Mac\Xwt.Gtk.Mac.csproj", "{E95833C9-90AA-4366-9262-0A1BED148249}"
EndProject
Project("{FAE04EC0-301F-11D3-BF4B-00C04F79EFBC}") = "Xwt.Gtk3", "Xwt\Xwt.Gtk\Xwt.Gtk3.csproj", "{3B25FD1F-CEBA-4450-8893-DC330FDB56A7}"
EndProject
Project("{FAE04EC0-301F-11D3-BF4B-00C04F79EFBC}") = "Xwt.WPF", "Xwt\Xwt.WPF\Xwt.WPF.csproj", "{C93D746E-1586-4D4F-B411-BF5A966E6A08}"
EndProject
Project("{FAE04EC0-301F-11D3-BF4B-00C04F79EFBC}") = "Xwt.Mac", "Xwt\Xwt.Mac\Xwt.Mac.csproj", "{5F8E0511-7210-487F-90A1-EC3E74467617}"
EndProject
Project("{FAE04EC0-301F-11D3-BF4B-00C04F79EFBC}") = "Xwt.XamMac", "Xwt\Xwt.XamMac\Xwt.XamMac.csproj", "{B7C1673E-5124-4BE5-8D21-EC8B12F85B6B}"
EndProject
Project("{FAE04EC0-301F-11D3-BF4B-00C04F79EFBC}") = "Fontify.Pango", "Fontify.Pango\Fontify.Pango.csproj", "{F00E9830-FAA0-46AD-8017-975343143B6A}"
EndProject
Global
	GlobalSection(SolutionConfigurationPlatforms) = preSolution
		Debug|Any CPU = Debug|Any CPU
		Release|Any CPU = Release|Any CPU
		Debug|x86 = Debug|x86
		Release|x86 = Release|x86
	EndGlobalSection
	GlobalSection(ProjectConfigurationPlatforms) = postSolution
		{252117CA-0ABB-4F36-BFC8-DE23A8089BB9}.Debug|Any CPU.ActiveCfg = Debug|Any CPU
		{252117CA-0ABB-4F36-BFC8-DE23A8089BB9}.Debug|Any CPU.Build.0 = Debug|Any CPU
		{252117CA-0ABB-4F36-BFC8-DE23A8089BB9}.Debug|x86.ActiveCfg = Debug|Any CPU
		{252117CA-0ABB-4F36-BFC8-DE23A8089BB9}.Debug|x86.Build.0 = Debug|Any CPU
		{252117CA-0ABB-4F36-BFC8-DE23A8089BB9}.Release|Any CPU.ActiveCfg = Release|Any CPU
		{252117CA-0ABB-4F36-BFC8-DE23A8089BB9}.Release|Any CPU.Build.0 = Release|Any CPU
		{252117CA-0ABB-4F36-BFC8-DE23A8089BB9}.Release|x86.ActiveCfg = Release|Any CPU
		{252117CA-0ABB-4F36-BFC8-DE23A8089BB9}.Release|x86.Build.0 = Release|Any CPU
		{2E567398-6DC5-4159-BE9A-F45239395B50}.Debug|Any CPU.ActiveCfg = Debug|x86
		{2E567398-6DC5-4159-BE9A-F45239395B50}.Debug|Any CPU.Build.0 = Debug|x86
		{2E567398-6DC5-4159-BE9A-F45239395B50}.Debug|x86.ActiveCfg = Debug|x86
		{2E567398-6DC5-4159-BE9A-F45239395B50}.Debug|x86.Build.0 = Debug|x86
		{2E567398-6DC5-4159-BE9A-F45239395B50}.Release|Any CPU.ActiveCfg = Debug|x86
		{2E567398-6DC5-4159-BE9A-F45239395B50}.Release|Any CPU.Build.0 = Debug|x86
		{2E567398-6DC5-4159-BE9A-F45239395B50}.Release|x86.ActiveCfg = Release|x86
		{2E567398-6DC5-4159-BE9A-F45239395B50}.Release|x86.Build.0 = Release|x86
		{3B25FD1F-CEBA-4450-8893-DC330FDB56A7}.Debug|Any CPU.ActiveCfg = Debug|Any CPU
		{3B25FD1F-CEBA-4450-8893-DC330FDB56A7}.Debug|Any CPU.Build.0 = Debug|Any CPU
		{3B25FD1F-CEBA-4450-8893-DC330FDB56A7}.Debug|x86.ActiveCfg = Debug|Any CPU
		{3B25FD1F-CEBA-4450-8893-DC330FDB56A7}.Debug|x86.Build.0 = Debug|Any CPU
		{3B25FD1F-CEBA-4450-8893-DC330FDB56A7}.Release|Any CPU.ActiveCfg = Release|Any CPU
		{3B25FD1F-CEBA-4450-8893-DC330FDB56A7}.Release|Any CPU.Build.0 = Release|Any CPU
		{3B25FD1F-CEBA-4450-8893-DC330FDB56A7}.Release|x86.ActiveCfg = Release|Any CPU
		{3B25FD1F-CEBA-4450-8893-DC330FDB56A7}.Release|x86.Build.0 = Release|Any CPU
		{5F8E0511-7210-487F-90A1-EC3E74467617}.Debug|Any CPU.ActiveCfg = Debug|Any CPU
		{5F8E0511-7210-487F-90A1-EC3E74467617}.Debug|Any CPU.Build.0 = Debug|Any CPU
		{5F8E0511-7210-487F-90A1-EC3E74467617}.Debug|x86.ActiveCfg = Debug|Any CPU
		{5F8E0511-7210-487F-90A1-EC3E74467617}.Debug|x86.Build.0 = Debug|Any CPU
		{5F8E0511-7210-487F-90A1-EC3E74467617}.Release|Any CPU.ActiveCfg = Release|Any CPU
		{5F8E0511-7210-487F-90A1-EC3E74467617}.Release|Any CPU.Build.0 = Release|Any CPU
		{5F8E0511-7210-487F-90A1-EC3E74467617}.Release|x86.ActiveCfg = Release|Any CPU
		{5F8E0511-7210-487F-90A1-EC3E74467617}.Release|x86.Build.0 = Release|Any CPU
		{7E951A3C-551A-43E3-97E3-13920065A29F}.Debug|Any CPU.ActiveCfg = Debug|Any CPU
		{7E951A3C-551A-43E3-97E3-13920065A29F}.Debug|Any CPU.Build.0 = Debug|Any CPU
		{7E951A3C-551A-43E3-97E3-13920065A29F}.Debug|x86.ActiveCfg = Debug|Any CPU
		{7E951A3C-551A-43E3-97E3-13920065A29F}.Debug|x86.Build.0 = Debug|Any CPU
		{7E951A3C-551A-43E3-97E3-13920065A29F}.Release|Any CPU.ActiveCfg = Release|Any CPU
		{7E951A3C-551A-43E3-97E3-13920065A29F}.Release|Any CPU.Build.0 = Release|Any CPU
		{7E951A3C-551A-43E3-97E3-13920065A29F}.Release|x86.ActiveCfg = Release|Any CPU
		{7E951A3C-551A-43E3-97E3-13920065A29F}.Release|x86.Build.0 = Release|Any CPU
		{88F0C79F-2480-4976-9084-F5762E035BEB}.Debug|Any CPU.ActiveCfg = Debug|x86
		{88F0C79F-2480-4976-9084-F5762E035BEB}.Debug|Any CPU.Build.0 = Debug|x86
		{88F0C79F-2480-4976-9084-F5762E035BEB}.Debug|x86.ActiveCfg = Debug|x86
		{88F0C79F-2480-4976-9084-F5762E035BEB}.Debug|x86.Build.0 = Debug|x86
		{88F0C79F-2480-4976-9084-F5762E035BEB}.Release|Any CPU.ActiveCfg = Debug|x86
		{88F0C79F-2480-4976-9084-F5762E035BEB}.Release|Any CPU.Build.0 = Debug|x86
		{88F0C79F-2480-4976-9084-F5762E035BEB}.Release|x86.ActiveCfg = Release|x86
		{88F0C79F-2480-4976-9084-F5762E035BEB}.Release|x86.Build.0 = Release|x86
		{92494904-35FA-4DC9-BDE9-3A3E87AC49D3}.Debug|Any CPU.ActiveCfg = Debug|Any CPU
		{92494904-35FA-4DC9-BDE9-3A3E87AC49D3}.Debug|Any CPU.Build.0 = Debug|Any CPU
		{92494904-35FA-4DC9-BDE9-3A3E87AC49D3}.Debug|x86.ActiveCfg = Debug|Any CPU
		{92494904-35FA-4DC9-BDE9-3A3E87AC49D3}.Debug|x86.Build.0 = Debug|Any CPU
		{92494904-35FA-4DC9-BDE9-3A3E87AC49D3}.Release|Any CPU.ActiveCfg = Release|Any CPU
		{92494904-35FA-4DC9-BDE9-3A3E87AC49D3}.Release|Any CPU.Build.0 = Release|Any CPU
		{92494904-35FA-4DC9-BDE9-3A3E87AC49D3}.Release|x86.ActiveCfg = Release|Any CPU
		{92494904-35FA-4DC9-BDE9-3A3E87AC49D3}.Release|x86.Build.0 = Release|Any CPU
		{ADDB0E88-2917-499A-BF1B-333C1BD5E73E}.Debug|Any CPU.ActiveCfg = Debug|x86
		{ADDB0E88-2917-499A-BF1B-333C1BD5E73E}.Debug|Any CPU.Build.0 = Debug|x86
		{ADDB0E88-2917-499A-BF1B-333C1BD5E73E}.Debug|x86.ActiveCfg = Debug|x86
		{ADDB0E88-2917-499A-BF1B-333C1BD5E73E}.Debug|x86.Build.0 = Debug|x86
		{ADDB0E88-2917-499A-BF1B-333C1BD5E73E}.Release|Any CPU.ActiveCfg = Debug|x86
		{ADDB0E88-2917-499A-BF1B-333C1BD5E73E}.Release|Any CPU.Build.0 = Debug|x86
		{ADDB0E88-2917-499A-BF1B-333C1BD5E73E}.Release|x86.ActiveCfg = Release|x86
		{ADDB0E88-2917-499A-BF1B-333C1BD5E73E}.Release|x86.Build.0 = Release|x86
		{B7C1673E-5124-4BE5-8D21-EC8B12F85B6B}.Debug|Any CPU.ActiveCfg = Debug|Any CPU
		{B7C1673E-5124-4BE5-8D21-EC8B12F85B6B}.Debug|Any CPU.Build.0 = Debug|Any CPU
		{B7C1673E-5124-4BE5-8D21-EC8B12F85B6B}.Debug|x86.ActiveCfg = Debug|Any CPU
		{B7C1673E-5124-4BE5-8D21-EC8B12F85B6B}.Debug|x86.Build.0 = Debug|Any CPU
		{B7C1673E-5124-4BE5-8D21-EC8B12F85B6B}.Release|Any CPU.ActiveCfg = Release|Any CPU
		{B7C1673E-5124-4BE5-8D21-EC8B12F85B6B}.Release|Any CPU.Build.0 = Release|Any CPU
		{B7C1673E-5124-4BE5-8D21-EC8B12F85B6B}.Release|x86.ActiveCfg = Release|Any CPU
		{B7C1673E-5124-4BE5-8D21-EC8B12F85B6B}.Release|x86.Build.0 = Release|Any CPU
		{C3887A93-B2BD-4097-8E2F-3A063EFF32FD}.Debug|Any CPU.ActiveCfg = Debug|Any CPU
		{C3887A93-B2BD-4097-8E2F-3A063EFF32FD}.Debug|Any CPU.Build.0 = Debug|Any CPU
		{C3887A93-B2BD-4097-8E2F-3A063EFF32FD}.Debug|x86.ActiveCfg = Debug|Any CPU
		{C3887A93-B2BD-4097-8E2F-3A063EFF32FD}.Debug|x86.Build.0 = Debug|Any CPU
		{C3887A93-B2BD-4097-8E2F-3A063EFF32FD}.Release|Any CPU.ActiveCfg = Release|Any CPU
		{C3887A93-B2BD-4097-8E2F-3A063EFF32FD}.Release|Any CPU.Build.0 = Release|Any CPU
		{C3887A93-B2BD-4097-8E2F-3A063EFF32FD}.Release|x86.ActiveCfg = Release|Any CPU
		{C3887A93-B2BD-4097-8E2F-3A063EFF32FD}.Release|x86.Build.0 = Release|Any CPU
		{C93D746E-1586-4D4F-B411-BF5A966E6A08}.Debug|Any CPU.ActiveCfg = Debug|Any CPU
		{C93D746E-1586-4D4F-B411-BF5A966E6A08}.Debug|Any CPU.Build.0 = Debug|Any CPU
		{C93D746E-1586-4D4F-B411-BF5A966E6A08}.Debug|x86.ActiveCfg = Debug|Any CPU
		{C93D746E-1586-4D4F-B411-BF5A966E6A08}.Debug|x86.Build.0 = Debug|Any CPU
		{C93D746E-1586-4D4F-B411-BF5A966E6A08}.Release|Any CPU.ActiveCfg = Release|Any CPU
		{C93D746E-1586-4D4F-B411-BF5A966E6A08}.Release|Any CPU.Build.0 = Release|Any CPU
		{C93D746E-1586-4D4F-B411-BF5A966E6A08}.Release|x86.ActiveCfg = Release|Any CPU
		{C93D746E-1586-4D4F-B411-BF5A966E6A08}.Release|x86.Build.0 = Release|Any CPU
		{E95833C9-90AA-4366-9262-0A1BED148249}.Debug|Any CPU.ActiveCfg = Debug|Any CPU
		{E95833C9-90AA-4366-9262-0A1BED148249}.Debug|Any CPU.Build.0 = Debug|Any CPU
		{E95833C9-90AA-4366-9262-0A1BED148249}.Debug|x86.ActiveCfg = Debug|Any CPU
		{E95833C9-90AA-4366-9262-0A1BED148249}.Debug|x86.Build.0 = Debug|Any CPU
		{E95833C9-90AA-4366-9262-0A1BED148249}.Release|Any CPU.ActiveCfg = Release|Any CPU
		{E95833C9-90AA-4366-9262-0A1BED148249}.Release|Any CPU.Build.0 = Release|Any CPU
		{E95833C9-90AA-4366-9262-0A1BED148249}.Release|x86.ActiveCfg = Release|Any CPU
		{E95833C9-90AA-4366-9262-0A1BED148249}.Release|x86.Build.0 = Release|Any CPU
		{F00E9830-FAA0-46AD-8017-975343143B6A}.Debug|Any CPU.ActiveCfg = Debug|Any CPU
		{F00E9830-FAA0-46AD-8017-975343143B6A}.Debug|Any CPU.Build.0 = Debug|Any CPU
		{F00E9830-FAA0-46AD-8017-975343143B6A}.Release|Any CPU.ActiveCfg = Release|Any CPU
		{F00E9830-FAA0-46AD-8017-975343143B6A}.Release|Any CPU.Build.0 = Release|Any CPU
		{F00E9830-FAA0-46AD-8017-975343143B6A}.Debug|x86.ActiveCfg = Debug|Any CPU
		{F00E9830-FAA0-46AD-8017-975343143B6A}.Debug|x86.Build.0 = Debug|Any CPU
		{F00E9830-FAA0-46AD-8017-975343143B6A}.Release|x86.ActiveCfg = Release|Any CPU
		{F00E9830-FAA0-46AD-8017-975343143B6A}.Release|x86.Build.0 = Release|Any CPU
	EndGlobalSection
	GlobalSection(NestedProjects) = preSolution
		{92494904-35FA-4DC9-BDE9-3A3E87AC49D3} = {29FBB8AA-3F5C-48DD-B2D2-D7E617073D56}
		{C3887A93-B2BD-4097-8E2F-3A063EFF32FD} = {29FBB8AA-3F5C-48DD-B2D2-D7E617073D56}
		{252117CA-0ABB-4F36-BFC8-DE23A8089BB9} = {29FBB8AA-3F5C-48DD-B2D2-D7E617073D56}
		{E95833C9-90AA-4366-9262-0A1BED148249} = {29FBB8AA-3F5C-48DD-B2D2-D7E617073D56}
		{3B25FD1F-CEBA-4450-8893-DC330FDB56A7} = {29FBB8AA-3F5C-48DD-B2D2-D7E617073D56}
		{C93D746E-1586-4D4F-B411-BF5A966E6A08} = {29FBB8AA-3F5C-48DD-B2D2-D7E617073D56}
		{5F8E0511-7210-487F-90A1-EC3E74467617} = {29FBB8AA-3F5C-48DD-B2D2-D7E617073D56}
		{B7C1673E-5124-4BE5-8D21-EC8B12F85B6B} = {29FBB8AA-3F5C-48DD-B2D2-D7E617073D56}
	EndGlobalSection
EndGlobal
